{
  "name": "@learn-test-feie/core",
  "version": "1.0.6",
  "lockfileVersion": 2,
  "requires": true,
  "packages": {
    "": {
      "name": "@learn-test-feie/core",
      "version": "1.0.5",
      "license": "ISC",
      "dependencies": {
        "@learn-test-feie/utils": "file:../utils"
      },
      "bin": {
        "lerna-test": "bin/index.js"
      }
    },
    "../utils": {
      "version": "1.0.5",
      "license": "ISC"
    },
    "node_modules/@learn-test-feie/utils": {
      "resolved": "../utils",
      "link": true
    }
  },
  "dependencies": {
    "@learn-test-feie/utils": {
      "version": "file:../utils"
    }
  }
}
